
Microsoft Visual Studio Solution File, Format Version 12.00
# Visual Studio Version 17
VisualStudioVersion = 17.1.32210.238
MinimumVisualStudioVersion = 10.0.40219.1
Project("{FAE04EC0-301F-11D3-BF4B-00C04F79EFBC}") = "BlazorWebAssembly", "BlazorWebAssembly\BlazorWebAssembly.csproj", "{514BA193-64D7-4929-8CCA-79F859D9637F}"
EndProject
Global
	GlobalSection(SolutionConfigurationPlatforms) = preSolution
		Debug|Any CPU = Debug|Any CPU
		Release|Any CPU = Release|Any CPU
	EndGlobalSection
	GlobalSection(ProjectConfigurationPlatforms) = postSolution
		{514BA193-64D7-4929-8CCA-79F859D9637F}.Debug|Any CPU.ActiveCfg = Debug|Any CPU
		{514BA193-64D7-4929-8CCA-79F859D9637F}.Debug|Any CPU.Build.0 = Debug|Any CPU
		{514BA193-64D7-4929-8CCA-79F859D9637F}.Release|Any CPU.ActiveCfg = Release|Any CPU
		{514BA193-64D7-4929-8CCA-79F859D9637F}.Release|Any CPU.Build.0 = Release|Any CPU
	EndGlobalSection
	GlobalSection(SolutionProperties) = preSolution
		HideSolutionNode = FALSE
	EndGlobalSection
	GlobalSection(ExtensibilityGlobals) = postSolution
		SolutionGuid = {6BCB449C-58B4-4F45-9B19-695AB8C219E2}
	EndGlobalSection
EndGlobal
